
Microsoft Visual Studio Solution File, Format Version 12.00
# Visual Studio 14
VisualStudioVersion = 14.0.25420.1
MinimumVisualStudioVersion = 10.0.40219.1
Project("{8BC9CEB8-8B4A-11D0-8D11-00A0C91BC942}") = "Calculadora", "Calculadora\Calculadora.vcxproj", "{6B8BCC36-5794-40FD-A59D-ABCA6E72FD27}"
EndProject
Project("{8BC9CEB8-8B4A-11D0-8D11-00A0C91BC942}") = "Condicional", "Condicional\Condicional.vcxproj", "{2EC27AF9-C926-4C39-B360-827411F445C0}"
EndProject
Project("{8BC9CEB8-8B4A-11D0-8D11-00A0C91BC942}") = "Ejercicios realizados el 12-04 - if", "Ejercicios realizados el 12-04 - if\Ejercicios realizados el 12-04 - if.vcxproj", "{163D69EA-11D1-4827-85A3-58C29BB3493B}"
EndProject
Project("{8BC9CEB8-8B4A-11D0-8D11-00A0C91BC942}") = "Random", "Random\Random.vcxproj", "{27F2446F-93DE-417F-8214-47F99CAC464C}"
EndProject
Project("{8BC9CEB8-8B4A-11D0-8D11-00A0C91BC942}") = "Ciclos", "Ciclos\Ciclos.vcxproj", "{0B7479F1-CCAB-4587-8FB6-E81907B2F418}"
EndProject
Project("{8BC9CEB8-8B4A-11D0-8D11-00A0C91BC942}") = "Sucesión de Padovan", "Sucesión de Padovan\Sucesión de Padovan.vcxproj", "{54B2C901-CF4E-4B9A-9897-C9CE972D164B}"
EndProject
Project("{8BC9CEB8-8B4A-11D0-8D11-00A0C91BC942}") = "Numeros Primos", "Numeros Primos\Numeros Primos.vcxproj", "{76F0B6AD-8DB1-4B22-81DE-F72520C7459B}"
EndProject
Project("{8BC9CEB8-8B4A-11D0-8D11-00A0C91BC942}") = "MCD MCM", "MCD MCM\MCD MCM.vcxproj", "{6B3780A2-28B0-4102-A4D3-C725AE7F7D97}"
EndProject
Project("{8BC9CEB8-8B4A-11D0-8D11-00A0C91BC942}") = "Fibonacci", "Fibonacci\Fibonacci.vcxproj", "{4DA4D032-423B-4E57-B94F-A8902AF8A455}"
EndProject
Project("{8BC9CEB8-8B4A-11D0-8D11-00A0C91BC942}") = "Dia de fecha", "Dia de fecha\Dia de fecha.vcxproj", "{6D213891-BADB-4626-A855-275401DC933C}"
EndProject
Project("{8BC9CEB8-8B4A-11D0-8D11-00A0C91BC942}") = "Ciclo exacto", "Ciclo exacto\Ciclo exacto.vcxproj", "{6F4156F3-71A1-4F9D-BCA1-6E5F7A98A189}"
EndProject
Project("{8BC9CEB8-8B4A-11D0-8D11-00A0C91BC942}") = "Arrays", "Arrays\Arrays.vcxproj", "{45566089-7ECD-414F-90DB-96F8EFB90882}"
EndProject
Project("{8BC9CEB8-8B4A-11D0-8D11-00A0C91BC942}") = "Arrays Parte 2", "Arrays Parte 2\Arrays Parte 2.vcxproj", "{3346E3FF-60C4-4548-99D4-3949F16002B1}"
EndProject
Project("{8BC9CEB8-8B4A-11D0-8D11-00A0C91BC942}") = "Ahorcado", "Juego\Juego.vcxproj", "{4A0D837A-9F79-403B-86BD-2E9D6227BCFD}"
EndProject
Project("{8BC9CEB8-8B4A-11D0-8D11-00A0C91BC942}") = "Funciones", "Funciones\Funciones.vcxproj", "{3A48621D-172E-47C5-8204-93D2C2128127}"
EndProject
Project("{FAE04EC0-301F-11D3-BF4B-00C04F79EFBC}") = "CSharpClase1", "CSharpClase1\CSharpClase1.csproj", "{A65DFEB1-32F1-40E8-9F70-B7CF99077D84}"
EndProject
Project("{FAE04EC0-301F-11D3-BF4B-00C04F79EFBC}") = "RandomCSharp", "RandomCSharp\RandomCSharp.csproj", "{6F4A3930-0E61-432D-BED2-994B7BA7DED9}"
EndProject
Project("{FAE04EC0-301F-11D3-BF4B-00C04F79EFBC}") = "EjerciciosCSharp1", "EjerciciosCSharp1\EjerciciosCSharp1.csproj", "{348534B1-E5B4-4033-B175-E40F664FCFDE}"
EndProject
Project("{FAE04EC0-301F-11D3-BF4B-00C04F79EFBC}") = "POO", "POO\POO.csproj", "{50012DDA-2B79-4588-870B-EF20BF7849F0}"
EndProject
Project("{FAE04EC0-301F-11D3-BF4B-00C04F79EFBC}") = "Alumno", "Alumno\Alumno.csproj", "{7529FB8D-A3B0-4E4C-8EC6-C72D648126EA}"
EndProject
Project("{FAE04EC0-301F-11D3-BF4B-00C04F79EFBC}") = "PersonajeArma", "PersonajeArma\PersonajeArma.csproj", "{DFFB4008-DCCC-4870-97F8-77124E4246E2}"
EndProject
Project("{FAE04EC0-301F-11D3-BF4B-00C04F79EFBC}") = "JuegoEnCSharp", "JuegoEnCSharp\JuegoEnCSharp.csproj", "{1F0BA4BF-689D-434A-858E-9CFB49586339}"
EndProject
Project("{FAE04EC0-301F-11D3-BF4B-00C04F79EFBC}") = "Persecuta", "Snake\Persecuta.csproj", "{6081100A-603C-4E9D-B687-F74247E14367}"
EndProject
Project("{FAE04EC0-301F-11D3-BF4B-00C04F79EFBC}") = "Clases Archivos", "Clases Archivos\Clases Archivos.csproj", "{92196AE3-4A37-4FE1-90E5-A48D5FE236E9}"
EndProject
Project("{FAE04EC0-301F-11D3-BF4B-00C04F79EFBC}") = "Tamagotchi", "Tamagotchi\Tamagotchi.csproj", "{799662AC-8CBE-4956-A75C-0FE1C5E65C7C}"
EndProject
Project("{FAE04EC0-301F-11D3-BF4B-00C04F79EFBC}") = "Sobrecarga", "Sobrecarga\Sobrecarga.csproj", "{5FD7C95E-B07B-4A40-BF37-3CAEDACEB85B}"
EndProject
Project("{FAE04EC0-301F-11D3-BF4B-00C04F79EFBC}") = "Nave", "Nave\Nave.csproj", "{FDDBBDD2-7208-4B9F-9854-849D1DF7BEFC}"
EndProject
Project("{FAE04EC0-301F-11D3-BF4B-00C04F79EFBC}") = "Trampa", "Trampa\Trampa.csproj", "{A7FB704A-11BD-4E43-9A8A-20CE70FB51EC}"
EndProject
Project("{FAE04EC0-301F-11D3-BF4B-00C04F79EFBC}") = "EjPT1", "EjPT1\EjPT1.csproj", "{43D97ED4-1C55-4AF3-A418-9511A2EF6B32}"
EndProject
Project("{FAE04EC0-301F-11D3-BF4B-00C04F79EFBC}") = "EjPT2", "EjPT2\EjPT2.csproj", "{3CEAFBF0-79C7-4F32-B5D5-940768F88327}"
EndProject
Project("{FAE04EC0-301F-11D3-BF4B-00C04F79EFBC}") = "EjPT3", "EjPT3\EjPT3.csproj", "{2645AC33-03DB-41B3-B3F9-2D8787B76A3A}"
EndProject
Project("{FAE04EC0-301F-11D3-BF4B-00C04F79EFBC}") = "Override", "Override\Override.csproj", "{891C4B2E-F15B-457A-9289-A7A062165BC6}"
EndProject
Project("{FAE04EC0-301F-11D3-BF4B-00C04F79EFBC}") = "Polimorfismo", "Polimorfismo\Polimorfismo.csproj", "{A70CB9F5-1FA8-4818-98D0-082F152E511D}"
EndProject
Project("{FAE04EC0-301F-11D3-BF4B-00C04F79EFBC}") = "Vehiculos", "Vehiculos\Vehiculos.csproj", "{64AF7C97-20C9-4EED-AAA2-4E5DC676AA67}"
EndProject
Project("{FAE04EC0-301F-11D3-BF4B-00C04F79EFBC}") = "Listas", "Listas\Listas.csproj", "{EC91BCC8-A900-41AF-ADA8-478EC3056C73}"
EndProject
Project("{FAE04EC0-301F-11D3-BF4B-00C04F79EFBC}") = "AgarrarItems", "AgarrarItems\AgarrarItems.csproj", "{8A633CFC-ABEF-4C91-A148-752F4E922876}"
EndProject
Global
	GlobalSection(SolutionConfigurationPlatforms) = preSolution
		Debug|Any CPU = Debug|Any CPU
		Debug|x64 = Debug|x64
		Debug|x86 = Debug|x86
		Release|Any CPU = Release|Any CPU
		Release|x64 = Release|x64
		Release|x86 = Release|x86
	EndGlobalSection
	GlobalSection(ProjectConfigurationPlatforms) = postSolution
		{6B8BCC36-5794-40FD-A59D-ABCA6E72FD27}.Debug|Any CPU.ActiveCfg = Debug|Win32
		{6B8BCC36-5794-40FD-A59D-ABCA6E72FD27}.Debug|x64.ActiveCfg = Debug|x64
		{6B8BCC36-5794-40FD-A59D-ABCA6E72FD27}.Debug|x64.Build.0 = Debug|x64
		{6B8BCC36-5794-40FD-A59D-ABCA6E72FD27}.Debug|x86.ActiveCfg = Debug|Win32
		{6B8BCC36-5794-40FD-A59D-ABCA6E72FD27}.Debug|x86.Build.0 = Debug|Win32
		{6B8BCC36-5794-40FD-A59D-ABCA6E72FD27}.Release|Any CPU.ActiveCfg = Release|Win32
		{6B8BCC36-5794-40FD-A59D-ABCA6E72FD27}.Release|x64.ActiveCfg = Release|x64
		{6B8BCC36-5794-40FD-A59D-ABCA6E72FD27}.Release|x64.Build.0 = Release|x64
		{6B8BCC36-5794-40FD-A59D-ABCA6E72FD27}.Release|x86.ActiveCfg = Release|Win32
		{6B8BCC36-5794-40FD-A59D-ABCA6E72FD27}.Release|x86.Build.0 = Release|Win32
		{2EC27AF9-C926-4C39-B360-827411F445C0}.Debug|Any CPU.ActiveCfg = Debug|Win32
		{2EC27AF9-C926-4C39-B360-827411F445C0}.Debug|x64.ActiveCfg = Debug|x64
		{2EC27AF9-C926-4C39-B360-827411F445C0}.Debug|x64.Build.0 = Debug|x64
		{2EC27AF9-C926-4C39-B360-827411F445C0}.Debug|x86.ActiveCfg = Debug|Win32
		{2EC27AF9-C926-4C39-B360-827411F445C0}.Debug|x86.Build.0 = Debug|Win32
		{2EC27AF9-C926-4C39-B360-827411F445C0}.Release|Any CPU.ActiveCfg = Release|Win32
		{2EC27AF9-C926-4C39-B360-827411F445C0}.Release|x64.ActiveCfg = Release|x64
		{2EC27AF9-C926-4C39-B360-827411F445C0}.Release|x64.Build.0 = Release|x64
		{2EC27AF9-C926-4C39-B360-827411F445C0}.Release|x86.ActiveCfg = Release|Win32
		{2EC27AF9-C926-4C39-B360-827411F445C0}.Release|x86.Build.0 = Release|Win32
		{163D69EA-11D1-4827-85A3-58C29BB3493B}.Debug|Any CPU.ActiveCfg = Debug|Win32
		{163D69EA-11D1-4827-85A3-58C29BB3493B}.Debug|x64.ActiveCfg = Debug|x64
		{163D69EA-11D1-4827-85A3-58C29BB3493B}.Debug|x64.Build.0 = Debug|x64
		{163D69EA-11D1-4827-85A3-58C29BB3493B}.Debug|x86.ActiveCfg = Debug|Win32
		{163D69EA-11D1-4827-85A3-58C29BB3493B}.Debug|x86.Build.0 = Debug|Win32
		{163D69EA-11D1-4827-85A3-58C29BB3493B}.Release|Any CPU.ActiveCfg = Release|Win32
		{163D69EA-11D1-4827-85A3-58C29BB3493B}.Release|x64.ActiveCfg = Release|x64
		{163D69EA-11D1-4827-85A3-58C29BB3493B}.Release|x64.Build.0 = Release|x64
		{163D69EA-11D1-4827-85A3-58C29BB3493B}.Release|x86.ActiveCfg = Release|Win32
		{163D69EA-11D1-4827-85A3-58C29BB3493B}.Release|x86.Build.0 = Release|Win32
		{27F2446F-93DE-417F-8214-47F99CAC464C}.Debug|Any CPU.ActiveCfg = Debug|Win32
		{27F2446F-93DE-417F-8214-47F99CAC464C}.Debug|x64.ActiveCfg = Debug|x64
		{27F2446F-93DE-417F-8214-47F99CAC464C}.Debug|x64.Build.0 = Debug|x64
		{27F2446F-93DE-417F-8214-47F99CAC464C}.Debug|x86.ActiveCfg = Debug|Win32
		{27F2446F-93DE-417F-8214-47F99CAC464C}.Debug|x86.Build.0 = Debug|Win32
		{27F2446F-93DE-417F-8214-47F99CAC464C}.Release|Any CPU.ActiveCfg = Release|Win32
		{27F2446F-93DE-417F-8214-47F99CAC464C}.Release|x64.ActiveCfg = Release|x64
		{27F2446F-93DE-417F-8214-47F99CAC464C}.Release|x64.Build.0 = Release|x64
		{27F2446F-93DE-417F-8214-47F99CAC464C}.Release|x86.ActiveCfg = Release|Win32
		{27F2446F-93DE-417F-8214-47F99CAC464C}.Release|x86.Build.0 = Release|Win32
		{0B7479F1-CCAB-4587-8FB6-E81907B2F418}.Debug|Any CPU.ActiveCfg = Debug|Win32
		{0B7479F1-CCAB-4587-8FB6-E81907B2F418}.Debug|x64.ActiveCfg = Debug|x64
		{0B7479F1-CCAB-4587-8FB6-E81907B2F418}.Debug|x64.Build.0 = Debug|x64
		{0B7479F1-CCAB-4587-8FB6-E81907B2F418}.Debug|x86.ActiveCfg = Debug|Win32
		{0B7479F1-CCAB-4587-8FB6-E81907B2F418}.Debug|x86.Build.0 = Debug|Win32
		{0B7479F1-CCAB-4587-8FB6-E81907B2F418}.Release|Any CPU.ActiveCfg = Release|Win32
		{0B7479F1-CCAB-4587-8FB6-E81907B2F418}.Release|x64.ActiveCfg = Release|x64
		{0B7479F1-CCAB-4587-8FB6-E81907B2F418}.Release|x64.Build.0 = Release|x64
		{0B7479F1-CCAB-4587-8FB6-E81907B2F418}.Release|x86.ActiveCfg = Release|Win32
		{0B7479F1-CCAB-4587-8FB6-E81907B2F418}.Release|x86.Build.0 = Release|Win32
		{54B2C901-CF4E-4B9A-9897-C9CE972D164B}.Debug|Any CPU.ActiveCfg = Debug|Win32
		{54B2C901-CF4E-4B9A-9897-C9CE972D164B}.Debug|x64.ActiveCfg = Debug|x64
		{54B2C901-CF4E-4B9A-9897-C9CE972D164B}.Debug|x64.Build.0 = Debug|x64
		{54B2C901-CF4E-4B9A-9897-C9CE972D164B}.Debug|x86.ActiveCfg = Debug|Win32
		{54B2C901-CF4E-4B9A-9897-C9CE972D164B}.Debug|x86.Build.0 = Debug|Win32
		{54B2C901-CF4E-4B9A-9897-C9CE972D164B}.Release|Any CPU.ActiveCfg = Release|Win32
		{54B2C901-CF4E-4B9A-9897-C9CE972D164B}.Release|x64.ActiveCfg = Release|x64
		{54B2C901-CF4E-4B9A-9897-C9CE972D164B}.Release|x64.Build.0 = Release|x64
		{54B2C901-CF4E-4B9A-9897-C9CE972D164B}.Release|x86.ActiveCfg = Release|Win32
		{54B2C901-CF4E-4B9A-9897-C9CE972D164B}.Release|x86.Build.0 = Release|Win32
		{76F0B6AD-8DB1-4B22-81DE-F72520C7459B}.Debug|Any CPU.ActiveCfg = Debug|Win32
		{76F0B6AD-8DB1-4B22-81DE-F72520C7459B}.Debug|x64.ActiveCfg = Debug|x64
		{76F0B6AD-8DB1-4B22-81DE-F72520C7459B}.Debug|x64.Build.0 = Debug|x64
		{76F0B6AD-8DB1-4B22-81DE-F72520C7459B}.Debug|x86.ActiveCfg = Debug|Win32
		{76F0B6AD-8DB1-4B22-81DE-F72520C7459B}.Debug|x86.Build.0 = Debug|Win32
		{76F0B6AD-8DB1-4B22-81DE-F72520C7459B}.Release|Any CPU.ActiveCfg = Release|Win32
		{76F0B6AD-8DB1-4B22-81DE-F72520C7459B}.Release|x64.ActiveCfg = Release|x64
		{76F0B6AD-8DB1-4B22-81DE-F72520C7459B}.Release|x64.Build.0 = Release|x64
		{76F0B6AD-8DB1-4B22-81DE-F72520C7459B}.Release|x86.ActiveCfg = Release|Win32
		{76F0B6AD-8DB1-4B22-81DE-F72520C7459B}.Release|x86.Build.0 = Release|Win32
		{6B3780A2-28B0-4102-A4D3-C725AE7F7D97}.Debug|Any CPU.ActiveCfg = Debug|Win32
		{6B3780A2-28B0-4102-A4D3-C725AE7F7D97}.Debug|x64.ActiveCfg = Debug|x64
		{6B3780A2-28B0-4102-A4D3-C725AE7F7D97}.Debug|x64.Build.0 = Debug|x64
		{6B3780A2-28B0-4102-A4D3-C725AE7F7D97}.Debug|x86.ActiveCfg = Debug|Win32
		{6B3780A2-28B0-4102-A4D3-C725AE7F7D97}.Debug|x86.Build.0 = Debug|Win32
		{6B3780A2-28B0-4102-A4D3-C725AE7F7D97}.Release|Any CPU.ActiveCfg = Release|Win32
		{6B3780A2-28B0-4102-A4D3-C725AE7F7D97}.Release|x64.ActiveCfg = Release|x64
		{6B3780A2-28B0-4102-A4D3-C725AE7F7D97}.Release|x64.Build.0 = Release|x64
		{6B3780A2-28B0-4102-A4D3-C725AE7F7D97}.Release|x86.ActiveCfg = Release|Win32
		{6B3780A2-28B0-4102-A4D3-C725AE7F7D97}.Release|x86.Build.0 = Release|Win32
		{4DA4D032-423B-4E57-B94F-A8902AF8A455}.Debug|Any CPU.ActiveCfg = Debug|Win32
		{4DA4D032-423B-4E57-B94F-A8902AF8A455}.Debug|x64.ActiveCfg = Debug|x64
		{4DA4D032-423B-4E57-B94F-A8902AF8A455}.Debug|x64.Build.0 = Debug|x64
		{4DA4D032-423B-4E57-B94F-A8902AF8A455}.Debug|x86.ActiveCfg = Debug|Win32
		{4DA4D032-423B-4E57-B94F-A8902AF8A455}.Debug|x86.Build.0 = Debug|Win32
		{4DA4D032-423B-4E57-B94F-A8902AF8A455}.Release|Any CPU.ActiveCfg = Release|Win32
		{4DA4D032-423B-4E57-B94F-A8902AF8A455}.Release|x64.ActiveCfg = Release|x64
		{4DA4D032-423B-4E57-B94F-A8902AF8A455}.Release|x64.Build.0 = Release|x64
		{4DA4D032-423B-4E57-B94F-A8902AF8A455}.Release|x86.ActiveCfg = Release|Win32
		{4DA4D032-423B-4E57-B94F-A8902AF8A455}.Release|x86.Build.0 = Release|Win32
		{6D213891-BADB-4626-A855-275401DC933C}.Debug|Any CPU.ActiveCfg = Debug|Win32
		{6D213891-BADB-4626-A855-275401DC933C}.Debug|x64.ActiveCfg = Debug|x64
		{6D213891-BADB-4626-A855-275401DC933C}.Debug|x64.Build.0 = Debug|x64
		{6D213891-BADB-4626-A855-275401DC933C}.Debug|x86.ActiveCfg = Debug|Win32
		{6D213891-BADB-4626-A855-275401DC933C}.Debug|x86.Build.0 = Debug|Win32
		{6D213891-BADB-4626-A855-275401DC933C}.Release|Any CPU.ActiveCfg = Release|Win32
		{6D213891-BADB-4626-A855-275401DC933C}.Release|x64.ActiveCfg = Release|x64
		{6D213891-BADB-4626-A855-275401DC933C}.Release|x64.Build.0 = Release|x64
		{6D213891-BADB-4626-A855-275401DC933C}.Release|x86.ActiveCfg = Release|Win32
		{6D213891-BADB-4626-A855-275401DC933C}.Release|x86.Build.0 = Release|Win32
		{6F4156F3-71A1-4F9D-BCA1-6E5F7A98A189}.Debug|Any CPU.ActiveCfg = Debug|Win32
		{6F4156F3-71A1-4F9D-BCA1-6E5F7A98A189}.Debug|x64.ActiveCfg = Debug|x64
		{6F4156F3-71A1-4F9D-BCA1-6E5F7A98A189}.Debug|x64.Build.0 = Debug|x64
		{6F4156F3-71A1-4F9D-BCA1-6E5F7A98A189}.Debug|x86.ActiveCfg = Debug|Win32
		{6F4156F3-71A1-4F9D-BCA1-6E5F7A98A189}.Debug|x86.Build.0 = Debug|Win32
		{6F4156F3-71A1-4F9D-BCA1-6E5F7A98A189}.Release|Any CPU.ActiveCfg = Release|Win32
		{6F4156F3-71A1-4F9D-BCA1-6E5F7A98A189}.Release|x64.ActiveCfg = Release|x64
		{6F4156F3-71A1-4F9D-BCA1-6E5F7A98A189}.Release|x64.Build.0 = Release|x64
		{6F4156F3-71A1-4F9D-BCA1-6E5F7A98A189}.Release|x86.ActiveCfg = Release|Win32
		{6F4156F3-71A1-4F9D-BCA1-6E5F7A98A189}.Release|x86.Build.0 = Release|Win32
		{45566089-7ECD-414F-90DB-96F8EFB90882}.Debug|Any CPU.ActiveCfg = Debug|Win32
		{45566089-7ECD-414F-90DB-96F8EFB90882}.Debug|x64.ActiveCfg = Debug|x64
		{45566089-7ECD-414F-90DB-96F8EFB90882}.Debug|x64.Build.0 = Debug|x64
		{45566089-7ECD-414F-90DB-96F8EFB90882}.Debug|x86.ActiveCfg = Debug|Win32
		{45566089-7ECD-414F-90DB-96F8EFB90882}.Debug|x86.Build.0 = Debug|Win32
		{45566089-7ECD-414F-90DB-96F8EFB90882}.Release|Any CPU.ActiveCfg = Release|Win32
		{45566089-7ECD-414F-90DB-96F8EFB90882}.Release|x64.ActiveCfg = Release|x64
		{45566089-7ECD-414F-90DB-96F8EFB90882}.Release|x64.Build.0 = Release|x64
		{45566089-7ECD-414F-90DB-96F8EFB90882}.Release|x86.ActiveCfg = Release|Win32
		{45566089-7ECD-414F-90DB-96F8EFB90882}.Release|x86.Build.0 = Release|Win32
		{3346E3FF-60C4-4548-99D4-3949F16002B1}.Debug|Any CPU.ActiveCfg = Debug|Win32
		{3346E3FF-60C4-4548-99D4-3949F16002B1}.Debug|x64.ActiveCfg = Debug|x64
		{3346E3FF-60C4-4548-99D4-3949F16002B1}.Debug|x64.Build.0 = Debug|x64
		{3346E3FF-60C4-4548-99D4-3949F16002B1}.Debug|x86.ActiveCfg = Debug|Win32
		{3346E3FF-60C4-4548-99D4-3949F16002B1}.Debug|x86.Build.0 = Debug|Win32
		{3346E3FF-60C4-4548-99D4-3949F16002B1}.Release|Any CPU.ActiveCfg = Release|Win32
		{3346E3FF-60C4-4548-99D4-3949F16002B1}.Release|x64.ActiveCfg = Release|x64
		{3346E3FF-60C4-4548-99D4-3949F16002B1}.Release|x64.Build.0 = Release|x64
		{3346E3FF-60C4-4548-99D4-3949F16002B1}.Release|x86.ActiveCfg = Release|Win32
		{3346E3FF-60C4-4548-99D4-3949F16002B1}.Release|x86.Build.0 = Release|Win32
		{4A0D837A-9F79-403B-86BD-2E9D6227BCFD}.Debug|Any CPU.ActiveCfg = Debug|Win32
		{4A0D837A-9F79-403B-86BD-2E9D6227BCFD}.Debug|x64.ActiveCfg = Debug|x64
		{4A0D837A-9F79-403B-86BD-2E9D6227BCFD}.Debug|x64.Build.0 = Debug|x64
		{4A0D837A-9F79-403B-86BD-2E9D6227BCFD}.Debug|x86.ActiveCfg = Debug|Win32
		{4A0D837A-9F79-403B-86BD-2E9D6227BCFD}.Debug|x86.Build.0 = Debug|Win32
		{4A0D837A-9F79-403B-86BD-2E9D6227BCFD}.Release|Any CPU.ActiveCfg = Release|Win32
		{4A0D837A-9F79-403B-86BD-2E9D6227BCFD}.Release|x64.ActiveCfg = Release|x64
		{4A0D837A-9F79-403B-86BD-2E9D6227BCFD}.Release|x64.Build.0 = Release|x64
		{4A0D837A-9F79-403B-86BD-2E9D6227BCFD}.Release|x86.ActiveCfg = Release|Win32
		{4A0D837A-9F79-403B-86BD-2E9D6227BCFD}.Release|x86.Build.0 = Release|Win32
		{3A48621D-172E-47C5-8204-93D2C2128127}.Debug|Any CPU.ActiveCfg = Debug|Win32
		{3A48621D-172E-47C5-8204-93D2C2128127}.Debug|x64.ActiveCfg = Debug|x64
		{3A48621D-172E-47C5-8204-93D2C2128127}.Debug|x64.Build.0 = Debug|x64
		{3A48621D-172E-47C5-8204-93D2C2128127}.Debug|x86.ActiveCfg = Debug|Win32
		{3A48621D-172E-47C5-8204-93D2C2128127}.Debug|x86.Build.0 = Debug|Win32
		{3A48621D-172E-47C5-8204-93D2C2128127}.Release|Any CPU.ActiveCfg = Release|Win32
		{3A48621D-172E-47C5-8204-93D2C2128127}.Release|x64.ActiveCfg = Release|x64
		{3A48621D-172E-47C5-8204-93D2C2128127}.Release|x64.Build.0 = Release|x64
		{3A48621D-172E-47C5-8204-93D2C2128127}.Release|x86.ActiveCfg = Release|Win32
		{3A48621D-172E-47C5-8204-93D2C2128127}.Release|x86.Build.0 = Release|Win32
		{A65DFEB1-32F1-40E8-9F70-B7CF99077D84}.Debug|Any CPU.ActiveCfg = Debug|Any CPU
		{A65DFEB1-32F1-40E8-9F70-B7CF99077D84}.Debug|Any CPU.Build.0 = Debug|Any CPU
		{A65DFEB1-32F1-40E8-9F70-B7CF99077D84}.Debug|x64.ActiveCfg = Debug|Any CPU
		{A65DFEB1-32F1-40E8-9F70-B7CF99077D84}.Debug|x64.Build.0 = Debug|Any CPU
		{A65DFEB1-32F1-40E8-9F70-B7CF99077D84}.Debug|x86.ActiveCfg = Debug|Any CPU
		{A65DFEB1-32F1-40E8-9F70-B7CF99077D84}.Debug|x86.Build.0 = Debug|Any CPU
		{A65DFEB1-32F1-40E8-9F70-B7CF99077D84}.Release|Any CPU.ActiveCfg = Release|Any CPU
		{A65DFEB1-32F1-40E8-9F70-B7CF99077D84}.Release|Any CPU.Build.0 = Release|Any CPU
		{A65DFEB1-32F1-40E8-9F70-B7CF99077D84}.Release|x64.ActiveCfg = Release|Any CPU
		{A65DFEB1-32F1-40E8-9F70-B7CF99077D84}.Release|x64.Build.0 = Release|Any CPU
		{A65DFEB1-32F1-40E8-9F70-B7CF99077D84}.Release|x86.ActiveCfg = Release|Any CPU
		{A65DFEB1-32F1-40E8-9F70-B7CF99077D84}.Release|x86.Build.0 = Release|Any CPU
		{6F4A3930-0E61-432D-BED2-994B7BA7DED9}.Debug|Any CPU.ActiveCfg = Debug|Any CPU
		{6F4A3930-0E61-432D-BED2-994B7BA7DED9}.Debug|Any CPU.Build.0 = Debug|Any CPU
		{6F4A3930-0E61-432D-BED2-994B7BA7DED9}.Debug|x64.ActiveCfg = Debug|Any CPU
		{6F4A3930-0E61-432D-BED2-994B7BA7DED9}.Debug|x64.Build.0 = Debug|Any CPU
		{6F4A3930-0E61-432D-BED2-994B7BA7DED9}.Debug|x86.ActiveCfg = Debug|Any CPU
		{6F4A3930-0E61-432D-BED2-994B7BA7DED9}.Debug|x86.Build.0 = Debug|Any CPU
		{6F4A3930-0E61-432D-BED2-994B7BA7DED9}.Release|Any CPU.ActiveCfg = Release|Any CPU
		{6F4A3930-0E61-432D-BED2-994B7BA7DED9}.Release|Any CPU.Build.0 = Release|Any CPU
		{6F4A3930-0E61-432D-BED2-994B7BA7DED9}.Release|x64.ActiveCfg = Release|Any CPU
		{6F4A3930-0E61-432D-BED2-994B7BA7DED9}.Release|x64.Build.0 = Release|Any CPU
		{6F4A3930-0E61-432D-BED2-994B7BA7DED9}.Release|x86.ActiveCfg = Release|Any CPU
		{6F4A3930-0E61-432D-BED2-994B7BA7DED9}.Release|x86.Build.0 = Release|Any CPU
		{348534B1-E5B4-4033-B175-E40F664FCFDE}.Debug|Any CPU.ActiveCfg = Debug|Any CPU
		{348534B1-E5B4-4033-B175-E40F664FCFDE}.Debug|Any CPU.Build.0 = Debug|Any CPU
		{348534B1-E5B4-4033-B175-E40F664FCFDE}.Debug|x64.ActiveCfg = Debug|Any CPU
		{348534B1-E5B4-4033-B175-E40F664FCFDE}.Debug|x64.Build.0 = Debug|Any CPU
		{348534B1-E5B4-4033-B175-E40F664FCFDE}.Debug|x86.ActiveCfg = Debug|Any CPU
		{348534B1-E5B4-4033-B175-E40F664FCFDE}.Debug|x86.Build.0 = Debug|Any CPU
		{348534B1-E5B4-4033-B175-E40F664FCFDE}.Release|Any CPU.ActiveCfg = Release|Any CPU
		{348534B1-E5B4-4033-B175-E40F664FCFDE}.Release|Any CPU.Build.0 = Release|Any CPU
		{348534B1-E5B4-4033-B175-E40F664FCFDE}.Release|x64.ActiveCfg = Release|Any CPU
		{348534B1-E5B4-4033-B175-E40F664FCFDE}.Release|x64.Build.0 = Release|Any CPU
		{348534B1-E5B4-4033-B175-E40F664FCFDE}.Release|x86.ActiveCfg = Release|Any CPU
		{348534B1-E5B4-4033-B175-E40F664FCFDE}.Release|x86.Build.0 = Release|Any CPU
		{50012DDA-2B79-4588-870B-EF20BF7849F0}.Debug|Any CPU.ActiveCfg = Debug|Any CPU
		{50012DDA-2B79-4588-870B-EF20BF7849F0}.Debug|Any CPU.Build.0 = Debug|Any CPU
		{50012DDA-2B79-4588-870B-EF20BF7849F0}.Debug|x64.ActiveCfg = Debug|Any CPU
		{50012DDA-2B79-4588-870B-EF20BF7849F0}.Debug|x64.Build.0 = Debug|Any CPU
		{50012DDA-2B79-4588-870B-EF20BF7849F0}.Debug|x86.ActiveCfg = Debug|Any CPU
		{50012DDA-2B79-4588-870B-EF20BF7849F0}.Debug|x86.Build.0 = Debug|Any CPU
		{50012DDA-2B79-4588-870B-EF20BF7849F0}.Release|Any CPU.ActiveCfg = Release|Any CPU
		{50012DDA-2B79-4588-870B-EF20BF7849F0}.Release|Any CPU.Build.0 = Release|Any CPU
		{50012DDA-2B79-4588-870B-EF20BF7849F0}.Release|x64.ActiveCfg = Release|Any CPU
		{50012DDA-2B79-4588-870B-EF20BF7849F0}.Release|x64.Build.0 = Release|Any CPU
		{50012DDA-2B79-4588-870B-EF20BF7849F0}.Release|x86.ActiveCfg = Release|Any CPU
		{50012DDA-2B79-4588-870B-EF20BF7849F0}.Release|x86.Build.0 = Release|Any CPU
		{7529FB8D-A3B0-4E4C-8EC6-C72D648126EA}.Debug|Any CPU.ActiveCfg = Debug|Any CPU
		{7529FB8D-A3B0-4E4C-8EC6-C72D648126EA}.Debug|Any CPU.Build.0 = Debug|Any CPU
		{7529FB8D-A3B0-4E4C-8EC6-C72D648126EA}.Debug|x64.ActiveCfg = Debug|Any CPU
		{7529FB8D-A3B0-4E4C-8EC6-C72D648126EA}.Debug|x64.Build.0 = Debug|Any CPU
		{7529FB8D-A3B0-4E4C-8EC6-C72D648126EA}.Debug|x86.ActiveCfg = Debug|Any CPU
		{7529FB8D-A3B0-4E4C-8EC6-C72D648126EA}.Debug|x86.Build.0 = Debug|Any CPU
		{7529FB8D-A3B0-4E4C-8EC6-C72D648126EA}.Release|Any CPU.ActiveCfg = Release|Any CPU
		{7529FB8D-A3B0-4E4C-8EC6-C72D648126EA}.Release|Any CPU.Build.0 = Release|Any CPU
		{7529FB8D-A3B0-4E4C-8EC6-C72D648126EA}.Release|x64.ActiveCfg = Release|Any CPU
		{7529FB8D-A3B0-4E4C-8EC6-C72D648126EA}.Release|x64.Build.0 = Release|Any CPU
		{7529FB8D-A3B0-4E4C-8EC6-C72D648126EA}.Release|x86.ActiveCfg = Release|Any CPU
		{7529FB8D-A3B0-4E4C-8EC6-C72D648126EA}.Release|x86.Build.0 = Release|Any CPU
		{DFFB4008-DCCC-4870-97F8-77124E4246E2}.Debug|Any CPU.ActiveCfg = Debug|Any CPU
		{DFFB4008-DCCC-4870-97F8-77124E4246E2}.Debug|Any CPU.Build.0 = Debug|Any CPU
		{DFFB4008-DCCC-4870-97F8-77124E4246E2}.Debug|x64.ActiveCfg = Debug|Any CPU
		{DFFB4008-DCCC-4870-97F8-77124E4246E2}.Debug|x64.Build.0 = Debug|Any CPU
		{DFFB4008-DCCC-4870-97F8-77124E4246E2}.Debug|x86.ActiveCfg = Debug|Any CPU
		{DFFB4008-DCCC-4870-97F8-77124E4246E2}.Debug|x86.Build.0 = Debug|Any CPU
		{DFFB4008-DCCC-4870-97F8-77124E4246E2}.Release|Any CPU.ActiveCfg = Release|Any CPU
		{DFFB4008-DCCC-4870-97F8-77124E4246E2}.Release|Any CPU.Build.0 = Release|Any CPU
		{DFFB4008-DCCC-4870-97F8-77124E4246E2}.Release|x64.ActiveCfg = Release|Any CPU
		{DFFB4008-DCCC-4870-97F8-77124E4246E2}.Release|x64.Build.0 = Release|Any CPU
		{DFFB4008-DCCC-4870-97F8-77124E4246E2}.Release|x86.ActiveCfg = Release|Any CPU
		{DFFB4008-DCCC-4870-97F8-77124E4246E2}.Release|x86.Build.0 = Release|Any CPU
		{1F0BA4BF-689D-434A-858E-9CFB49586339}.Debug|Any CPU.ActiveCfg = Debug|Any CPU
		{1F0BA4BF-689D-434A-858E-9CFB49586339}.Debug|Any CPU.Build.0 = Debug|Any CPU
		{1F0BA4BF-689D-434A-858E-9CFB49586339}.Debug|x64.ActiveCfg = Debug|Any CPU
		{1F0BA4BF-689D-434A-858E-9CFB49586339}.Debug|x64.Build.0 = Debug|Any CPU
		{1F0BA4BF-689D-434A-858E-9CFB49586339}.Debug|x86.ActiveCfg = Debug|Any CPU
		{1F0BA4BF-689D-434A-858E-9CFB49586339}.Debug|x86.Build.0 = Debug|Any CPU
		{1F0BA4BF-689D-434A-858E-9CFB49586339}.Release|Any CPU.ActiveCfg = Release|Any CPU
		{1F0BA4BF-689D-434A-858E-9CFB49586339}.Release|Any CPU.Build.0 = Release|Any CPU
		{1F0BA4BF-689D-434A-858E-9CFB49586339}.Release|x64.ActiveCfg = Release|Any CPU
		{1F0BA4BF-689D-434A-858E-9CFB49586339}.Release|x64.Build.0 = Release|Any CPU
		{1F0BA4BF-689D-434A-858E-9CFB49586339}.Release|x86.ActiveCfg = Release|Any CPU
		{1F0BA4BF-689D-434A-858E-9CFB49586339}.Release|x86.Build.0 = Release|Any CPU
		{6081100A-603C-4E9D-B687-F74247E14367}.Debug|Any CPU.ActiveCfg = Debug|Any CPU
		{6081100A-603C-4E9D-B687-F74247E14367}.Debug|Any CPU.Build.0 = Debug|Any CPU
		{6081100A-603C-4E9D-B687-F74247E14367}.Debug|x64.ActiveCfg = Debug|Any CPU
		{6081100A-603C-4E9D-B687-F74247E14367}.Debug|x64.Build.0 = Debug|Any CPU
		{6081100A-603C-4E9D-B687-F74247E14367}.Debug|x86.ActiveCfg = Debug|Any CPU
		{6081100A-603C-4E9D-B687-F74247E14367}.Debug|x86.Build.0 = Debug|Any CPU
		{6081100A-603C-4E9D-B687-F74247E14367}.Release|Any CPU.ActiveCfg = Release|Any CPU
		{6081100A-603C-4E9D-B687-F74247E14367}.Release|Any CPU.Build.0 = Release|Any CPU
		{6081100A-603C-4E9D-B687-F74247E14367}.Release|x64.ActiveCfg = Release|Any CPU
		{6081100A-603C-4E9D-B687-F74247E14367}.Release|x64.Build.0 = Release|Any CPU
		{6081100A-603C-4E9D-B687-F74247E14367}.Release|x86.ActiveCfg = Release|Any CPU
		{6081100A-603C-4E9D-B687-F74247E14367}.Release|x86.Build.0 = Release|Any CPU
		{92196AE3-4A37-4FE1-90E5-A48D5FE236E9}.Debug|Any CPU.ActiveCfg = Debug|Any CPU
		{92196AE3-4A37-4FE1-90E5-A48D5FE236E9}.Debug|Any CPU.Build.0 = Debug|Any CPU
		{92196AE3-4A37-4FE1-90E5-A48D5FE236E9}.Debug|x64.ActiveCfg = Debug|Any CPU
		{92196AE3-4A37-4FE1-90E5-A48D5FE236E9}.Debug|x64.Build.0 = Debug|Any CPU
		{92196AE3-4A37-4FE1-90E5-A48D5FE236E9}.Debug|x86.ActiveCfg = Debug|Any CPU
		{92196AE3-4A37-4FE1-90E5-A48D5FE236E9}.Debug|x86.Build.0 = Debug|Any CPU
		{92196AE3-4A37-4FE1-90E5-A48D5FE236E9}.Release|Any CPU.ActiveCfg = Release|Any CPU
		{92196AE3-4A37-4FE1-90E5-A48D5FE236E9}.Release|Any CPU.Build.0 = Release|Any CPU
		{92196AE3-4A37-4FE1-90E5-A48D5FE236E9}.Release|x64.ActiveCfg = Release|Any CPU
		{92196AE3-4A37-4FE1-90E5-A48D5FE236E9}.Release|x64.Build.0 = Release|Any CPU
		{92196AE3-4A37-4FE1-90E5-A48D5FE236E9}.Release|x86.ActiveCfg = Release|Any CPU
		{92196AE3-4A37-4FE1-90E5-A48D5FE236E9}.Release|x86.Build.0 = Release|Any CPU
		{799662AC-8CBE-4956-A75C-0FE1C5E65C7C}.Debug|Any CPU.ActiveCfg = Debug|Any CPU
		{799662AC-8CBE-4956-A75C-0FE1C5E65C7C}.Debug|Any CPU.Build.0 = Debug|Any CPU
		{799662AC-8CBE-4956-A75C-0FE1C5E65C7C}.Debug|x64.ActiveCfg = Debug|Any CPU
		{799662AC-8CBE-4956-A75C-0FE1C5E65C7C}.Debug|x64.Build.0 = Debug|Any CPU
		{799662AC-8CBE-4956-A75C-0FE1C5E65C7C}.Debug|x86.ActiveCfg = Debug|Any CPU
		{799662AC-8CBE-4956-A75C-0FE1C5E65C7C}.Debug|x86.Build.0 = Debug|Any CPU
		{799662AC-8CBE-4956-A75C-0FE1C5E65C7C}.Release|Any CPU.ActiveCfg = Release|Any CPU
		{799662AC-8CBE-4956-A75C-0FE1C5E65C7C}.Release|Any CPU.Build.0 = Release|Any CPU
		{799662AC-8CBE-4956-A75C-0FE1C5E65C7C}.Release|x64.ActiveCfg = Release|Any CPU
		{799662AC-8CBE-4956-A75C-0FE1C5E65C7C}.Release|x64.Build.0 = Release|Any CPU
		{799662AC-8CBE-4956-A75C-0FE1C5E65C7C}.Release|x86.ActiveCfg = Release|Any CPU
		{799662AC-8CBE-4956-A75C-0FE1C5E65C7C}.Release|x86.Build.0 = Release|Any CPU
		{5FD7C95E-B07B-4A40-BF37-3CAEDACEB85B}.Debug|Any CPU.ActiveCfg = Debug|Any CPU
		{5FD7C95E-B07B-4A40-BF37-3CAEDACEB85B}.Debug|Any CPU.Build.0 = Debug|Any CPU
		{5FD7C95E-B07B-4A40-BF37-3CAEDACEB85B}.Debug|x64.ActiveCfg = Debug|Any CPU
		{5FD7C95E-B07B-4A40-BF37-3CAEDACEB85B}.Debug|x64.Build.0 = Debug|Any CPU
		{5FD7C95E-B07B-4A40-BF37-3CAEDACEB85B}.Debug|x86.ActiveCfg = Debug|Any CPU
		{5FD7C95E-B07B-4A40-BF37-3CAEDACEB85B}.Debug|x86.Build.0 = Debug|Any CPU
		{5FD7C95E-B07B-4A40-BF37-3CAEDACEB85B}.Release|Any CPU.ActiveCfg = Release|Any CPU
		{5FD7C95E-B07B-4A40-BF37-3CAEDACEB85B}.Release|Any CPU.Build.0 = Release|Any CPU
		{5FD7C95E-B07B-4A40-BF37-3CAEDACEB85B}.Release|x64.ActiveCfg = Release|Any CPU
		{5FD7C95E-B07B-4A40-BF37-3CAEDACEB85B}.Release|x64.Build.0 = Release|Any CPU
		{5FD7C95E-B07B-4A40-BF37-3CAEDACEB85B}.Release|x86.ActiveCfg = Release|Any CPU
		{5FD7C95E-B07B-4A40-BF37-3CAEDACEB85B}.Release|x86.Build.0 = Release|Any CPU
		{FDDBBDD2-7208-4B9F-9854-849D1DF7BEFC}.Debug|Any CPU.ActiveCfg = Debug|Any CPU
		{FDDBBDD2-7208-4B9F-9854-849D1DF7BEFC}.Debug|Any CPU.Build.0 = Debug|Any CPU
		{FDDBBDD2-7208-4B9F-9854-849D1DF7BEFC}.Debug|x64.ActiveCfg = Debug|Any CPU
		{FDDBBDD2-7208-4B9F-9854-849D1DF7BEFC}.Debug|x64.Build.0 = Debug|Any CPU
		{FDDBBDD2-7208-4B9F-9854-849D1DF7BEFC}.Debug|x86.ActiveCfg = Debug|Any CPU
		{FDDBBDD2-7208-4B9F-9854-849D1DF7BEFC}.Debug|x86.Build.0 = Debug|Any CPU
		{FDDBBDD2-7208-4B9F-9854-849D1DF7BEFC}.Release|Any CPU.ActiveCfg = Release|Any CPU
		{FDDBBDD2-7208-4B9F-9854-849D1DF7BEFC}.Release|Any CPU.Build.0 = Release|Any CPU
		{FDDBBDD2-7208-4B9F-9854-849D1DF7BEFC}.Release|x64.ActiveCfg = Release|Any CPU
		{FDDBBDD2-7208-4B9F-9854-849D1DF7BEFC}.Release|x64.Build.0 = Release|Any CPU
		{FDDBBDD2-7208-4B9F-9854-849D1DF7BEFC}.Release|x86.ActiveCfg = Release|Any CPU
		{FDDBBDD2-7208-4B9F-9854-849D1DF7BEFC}.Release|x86.Build.0 = Release|Any CPU
		{A7FB704A-11BD-4E43-9A8A-20CE70FB51EC}.Debug|Any CPU.ActiveCfg = Debug|Any CPU
		{A7FB704A-11BD-4E43-9A8A-20CE70FB51EC}.Debug|Any CPU.Build.0 = Debug|Any CPU
		{A7FB704A-11BD-4E43-9A8A-20CE70FB51EC}.Debug|x64.ActiveCfg = Debug|Any CPU
		{A7FB704A-11BD-4E43-9A8A-20CE70FB51EC}.Debug|x64.Build.0 = Debug|Any CPU
		{A7FB704A-11BD-4E43-9A8A-20CE70FB51EC}.Debug|x86.ActiveCfg = Debug|Any CPU
		{A7FB704A-11BD-4E43-9A8A-20CE70FB51EC}.Debug|x86.Build.0 = Debug|Any CPU
		{A7FB704A-11BD-4E43-9A8A-20CE70FB51EC}.Release|Any CPU.ActiveCfg = Release|Any CPU
		{A7FB704A-11BD-4E43-9A8A-20CE70FB51EC}.Release|Any CPU.Build.0 = Release|Any CPU
		{A7FB704A-11BD-4E43-9A8A-20CE70FB51EC}.Release|x64.ActiveCfg = Release|Any CPU
		{A7FB704A-11BD-4E43-9A8A-20CE70FB51EC}.Release|x64.Build.0 = Release|Any CPU
		{A7FB704A-11BD-4E43-9A8A-20CE70FB51EC}.Release|x86.ActiveCfg = Release|Any CPU
		{A7FB704A-11BD-4E43-9A8A-20CE70FB51EC}.Release|x86.Build.0 = Release|Any CPU
		{43D97ED4-1C55-4AF3-A418-9511A2EF6B32}.Debug|Any CPU.ActiveCfg = Debug|Any CPU
		{43D97ED4-1C55-4AF3-A418-9511A2EF6B32}.Debug|Any CPU.Build.0 = Debug|Any CPU
		{43D97ED4-1C55-4AF3-A418-9511A2EF6B32}.Debug|x64.ActiveCfg = Debug|Any CPU
		{43D97ED4-1C55-4AF3-A418-9511A2EF6B32}.Debug|x64.Build.0 = Debug|Any CPU
		{43D97ED4-1C55-4AF3-A418-9511A2EF6B32}.Debug|x86.ActiveCfg = Debug|Any CPU
		{43D97ED4-1C55-4AF3-A418-9511A2EF6B32}.Debug|x86.Build.0 = Debug|Any CPU
		{43D97ED4-1C55-4AF3-A418-9511A2EF6B32}.Release|Any CPU.ActiveCfg = Release|Any CPU
		{43D97ED4-1C55-4AF3-A418-9511A2EF6B32}.Release|Any CPU.Build.0 = Release|Any CPU
		{43D97ED4-1C55-4AF3-A418-9511A2EF6B32}.Release|x64.ActiveCfg = Release|Any CPU
		{43D97ED4-1C55-4AF3-A418-9511A2EF6B32}.Release|x64.Build.0 = Release|Any CPU
		{43D97ED4-1C55-4AF3-A418-9511A2EF6B32}.Release|x86.ActiveCfg = Release|Any CPU
		{43D97ED4-1C55-4AF3-A418-9511A2EF6B32}.Release|x86.Build.0 = Release|Any CPU
		{3CEAFBF0-79C7-4F32-B5D5-940768F88327}.Debug|Any CPU.ActiveCfg = Debug|Any CPU
		{3CEAFBF0-79C7-4F32-B5D5-940768F88327}.Debug|Any CPU.Build.0 = Debug|Any CPU
		{3CEAFBF0-79C7-4F32-B5D5-940768F88327}.Debug|x64.ActiveCfg = Debug|Any CPU
		{3CEAFBF0-79C7-4F32-B5D5-940768F88327}.Debug|x64.Build.0 = Debug|Any CPU
		{3CEAFBF0-79C7-4F32-B5D5-940768F88327}.Debug|x86.ActiveCfg = Debug|Any CPU
		{3CEAFBF0-79C7-4F32-B5D5-940768F88327}.Debug|x86.Build.0 = Debug|Any CPU
		{3CEAFBF0-79C7-4F32-B5D5-940768F88327}.Release|Any CPU.ActiveCfg = Release|Any CPU
		{3CEAFBF0-79C7-4F32-B5D5-940768F88327}.Release|Any CPU.Build.0 = Release|Any CPU
		{3CEAFBF0-79C7-4F32-B5D5-940768F88327}.Release|x64.ActiveCfg = Release|Any CPU
		{3CEAFBF0-79C7-4F32-B5D5-940768F88327}.Release|x64.Build.0 = Release|Any CPU
		{3CEAFBF0-79C7-4F32-B5D5-940768F88327}.Release|x86.ActiveCfg = Release|Any CPU
		{3CEAFBF0-79C7-4F32-B5D5-940768F88327}.Release|x86.Build.0 = Release|Any CPU
		{2645AC33-03DB-41B3-B3F9-2D8787B76A3A}.Debug|Any CPU.ActiveCfg = Debug|Any CPU
		{2645AC33-03DB-41B3-B3F9-2D8787B76A3A}.Debug|Any CPU.Build.0 = Debug|Any CPU
		{2645AC33-03DB-41B3-B3F9-2D8787B76A3A}.Debug|x64.ActiveCfg = Debug|Any CPU
		{2645AC33-03DB-41B3-B3F9-2D8787B76A3A}.Debug|x64.Build.0 = Debug|Any CPU
		{2645AC33-03DB-41B3-B3F9-2D8787B76A3A}.Debug|x86.ActiveCfg = Debug|Any CPU
		{2645AC33-03DB-41B3-B3F9-2D8787B76A3A}.Debug|x86.Build.0 = Debug|Any CPU
		{2645AC33-03DB-41B3-B3F9-2D8787B76A3A}.Release|Any CPU.ActiveCfg = Release|Any CPU
		{2645AC33-03DB-41B3-B3F9-2D8787B76A3A}.Release|Any CPU.Build.0 = Release|Any CPU
		{2645AC33-03DB-41B3-B3F9-2D8787B76A3A}.Release|x64.ActiveCfg = Release|Any CPU
		{2645AC33-03DB-41B3-B3F9-2D8787B76A3A}.Release|x64.Build.0 = Release|Any CPU
		{2645AC33-03DB-41B3-B3F9-2D8787B76A3A}.Release|x86.ActiveCfg = Release|Any CPU
		{2645AC33-03DB-41B3-B3F9-2D8787B76A3A}.Release|x86.Build.0 = Release|Any CPU
		{891C4B2E-F15B-457A-9289-A7A062165BC6}.Debug|Any CPU.ActiveCfg = Debug|Any CPU
		{891C4B2E-F15B-457A-9289-A7A062165BC6}.Debug|Any CPU.Build.0 = Debug|Any CPU
		{891C4B2E-F15B-457A-9289-A7A062165BC6}.Debug|x64.ActiveCfg = Debug|Any CPU
		{891C4B2E-F15B-457A-9289-A7A062165BC6}.Debug|x64.Build.0 = Debug|Any CPU
		{891C4B2E-F15B-457A-9289-A7A062165BC6}.Debug|x86.ActiveCfg = Debug|Any CPU
		{891C4B2E-F15B-457A-9289-A7A062165BC6}.Debug|x86.Build.0 = Debug|Any CPU
		{891C4B2E-F15B-457A-9289-A7A062165BC6}.Release|Any CPU.ActiveCfg = Release|Any CPU
		{891C4B2E-F15B-457A-9289-A7A062165BC6}.Release|Any CPU.Build.0 = Release|Any CPU
		{891C4B2E-F15B-457A-9289-A7A062165BC6}.Release|x64.ActiveCfg = Release|Any CPU
		{891C4B2E-F15B-457A-9289-A7A062165BC6}.Release|x64.Build.0 = Release|Any CPU
		{891C4B2E-F15B-457A-9289-A7A062165BC6}.Release|x86.ActiveCfg = Release|Any CPU
		{891C4B2E-F15B-457A-9289-A7A062165BC6}.Release|x86.Build.0 = Release|Any CPU
		{A70CB9F5-1FA8-4818-98D0-082F152E511D}.Debug|Any CPU.ActiveCfg = Debug|Any CPU
		{A70CB9F5-1FA8-4818-98D0-082F152E511D}.Debug|Any CPU.Build.0 = Debug|Any CPU
		{A70CB9F5-1FA8-4818-98D0-082F152E511D}.Debug|x64.ActiveCfg = Debug|Any CPU
		{A70CB9F5-1FA8-4818-98D0-082F152E511D}.Debug|x64.Build.0 = Debug|Any CPU
		{A70CB9F5-1FA8-4818-98D0-082F152E511D}.Debug|x86.ActiveCfg = Debug|Any CPU
		{A70CB9F5-1FA8-4818-98D0-082F152E511D}.Debug|x86.Build.0 = Debug|Any CPU
		{A70CB9F5-1FA8-4818-98D0-082F152E511D}.Release|Any CPU.ActiveCfg = Release|Any CPU
		{A70CB9F5-1FA8-4818-98D0-082F152E511D}.Release|Any CPU.Build.0 = Release|Any CPU
		{A70CB9F5-1FA8-4818-98D0-082F152E511D}.Release|x64.ActiveCfg = Release|Any CPU
		{A70CB9F5-1FA8-4818-98D0-082F152E511D}.Release|x64.Build.0 = Release|Any CPU
		{A70CB9F5-1FA8-4818-98D0-082F152E511D}.Release|x86.ActiveCfg = Release|Any CPU
		{A70CB9F5-1FA8-4818-98D0-082F152E511D}.Release|x86.Build.0 = Release|Any CPU
		{64AF7C97-20C9-4EED-AAA2-4E5DC676AA67}.Debug|Any CPU.ActiveCfg = Debug|Any CPU
		{64AF7C97-20C9-4EED-AAA2-4E5DC676AA67}.Debug|Any CPU.Build.0 = Debug|Any CPU
		{64AF7C97-20C9-4EED-AAA2-4E5DC676AA67}.Debug|x64.ActiveCfg = Debug|Any CPU
		{64AF7C97-20C9-4EED-AAA2-4E5DC676AA67}.Debug|x64.Build.0 = Debug|Any CPU
		{64AF7C97-20C9-4EED-AAA2-4E5DC676AA67}.Debug|x86.ActiveCfg = Debug|Any CPU
		{64AF7C97-20C9-4EED-AAA2-4E5DC676AA67}.Debug|x86.Build.0 = Debug|Any CPU
		{64AF7C97-20C9-4EED-AAA2-4E5DC676AA67}.Release|Any CPU.ActiveCfg = Release|Any CPU
		{64AF7C97-20C9-4EED-AAA2-4E5DC676AA67}.Release|Any CPU.Build.0 = Release|Any CPU
		{64AF7C97-20C9-4EED-AAA2-4E5DC676AA67}.Release|x64.ActiveCfg = Release|Any CPU
		{64AF7C97-20C9-4EED-AAA2-4E5DC676AA67}.Release|x64.Build.0 = Release|Any CPU
		{64AF7C97-20C9-4EED-AAA2-4E5DC676AA67}.Release|x86.ActiveCfg = Release|Any CPU
		{64AF7C97-20C9-4EED-AAA2-4E5DC676AA67}.Release|x86.Build.0 = Release|Any CPU
		{EC91BCC8-A900-41AF-ADA8-478EC3056C73}.Debug|Any CPU.ActiveCfg = Debug|Any CPU
		{EC91BCC8-A900-41AF-ADA8-478EC3056C73}.Debug|Any CPU.Build.0 = Debug|Any CPU
		{EC91BCC8-A900-41AF-ADA8-478EC3056C73}.Debug|x64.ActiveCfg = Debug|Any CPU
		{EC91BCC8-A900-41AF-ADA8-478EC3056C73}.Debug|x64.Build.0 = Debug|Any CPU
		{EC91BCC8-A900-41AF-ADA8-478EC3056C73}.Debug|x86.ActiveCfg = Debug|Any CPU
		{EC91BCC8-A900-41AF-ADA8-478EC3056C73}.Debug|x86.Build.0 = Debug|Any CPU
		{EC91BCC8-A900-41AF-ADA8-478EC3056C73}.Release|Any CPU.ActiveCfg = Release|Any CPU
		{EC91BCC8-A900-41AF-ADA8-478EC3056C73}.Release|Any CPU.Build.0 = Release|Any CPU
		{EC91BCC8-A900-41AF-ADA8-478EC3056C73}.Release|x64.ActiveCfg = Release|Any CPU
		{EC91BCC8-A900-41AF-ADA8-478EC3056C73}.Release|x64.Build.0 = Release|Any CPU
		{EC91BCC8-A900-41AF-ADA8-478EC3056C73}.Release|x86.ActiveCfg = Release|Any CPU
		{EC91BCC8-A900-41AF-ADA8-478EC3056C73}.Release|x86.Build.0 = Release|Any CPU
		{8A633CFC-ABEF-4C91-A148-752F4E922876}.Debug|Any CPU.ActiveCfg = Debug|Any CPU
		{8A633CFC-ABEF-4C91-A148-752F4E922876}.Debug|Any CPU.Build.0 = Debug|Any CPU
		{8A633CFC-ABEF-4C91-A148-752F4E922876}.Debug|x64.ActiveCfg = Debug|Any CPU
		{8A633CFC-ABEF-4C91-A148-752F4E922876}.Debug|x64.Build.0 = Debug|Any CPU
		{8A633CFC-ABEF-4C91-A148-752F4E922876}.Debug|x86.ActiveCfg = Debug|Any CPU
		{8A633CFC-ABEF-4C91-A148-752F4E922876}.Debug|x86.Build.0 = Debug|Any CPU
		{8A633CFC-ABEF-4C91-A148-752F4E922876}.Release|Any CPU.ActiveCfg = Release|Any CPU
		{8A633CFC-ABEF-4C91-A148-752F4E922876}.Release|Any CPU.Build.0 = Release|Any CPU
		{8A633CFC-ABEF-4C91-A148-752F4E922876}.Release|x64.ActiveCfg = Release|Any CPU
		{8A633CFC-ABEF-4C91-A148-752F4E922876}.Release|x64.Build.0 = Release|Any CPU
		{8A633CFC-ABEF-4C91-A148-752F4E922876}.Release|x86.ActiveCfg = Release|Any CPU
		{8A633CFC-ABEF-4C91-A148-752F4E922876}.Release|x86.Build.0 = Release|Any CPU
	EndGlobalSection
	GlobalSection(SolutionProperties) = preSolution
		HideSolutionNode = FALSE
	EndGlobalSection
EndGlobal
